
Microsoft Visual Studio Solution File, Format Version 12.00
Project("{FAE04EC0-301F-11D3-BF4B-00C04F79EFBC}") = "ScrumBoardLibrary", "ScrumBoardLibrary\ScrumBoardLibrary.csproj", "{A286D130-A9FF-4D01-8A59-C9FA267D9068}"
EndProject
Project("{FAE04EC0-301F-11D3-BF4B-00C04F79EFBC}") = "ScrumBoardTests", "ScrumBoardTests\ScrumBoardTests.csproj", "{EEB05420-2926-4C98-9E09-3822961DD3C6}"
EndProject
Project("{FAE04EC0-301F-11D3-BF4B-00C04F79EFBC}") = "DataAccessLayer", "DataAccessLayer\DataAccessLayer.csproj", "{B493B097-85EA-4BC9-A04D-932C3667CD21}"
EndProject
Project("{FAE04EC0-301F-11D3-BF4B-00C04F79EFBC}") = "BisnessLogicLayer", "BisnessLogicLayer\BisnessLogicLayer.csproj", "{6ABFCBB7-42D9-4D28-9F1E-5D3AFB8F267A}"
EndProject
Project("{FAE04EC0-301F-11D3-BF4B-00C04F79EFBC}") = "WebAPI", "WebAPI\WebAPI.csproj", "{CB5236AD-D381-4258-97F5-7B6B36B0CDBA}"
EndProject
Global
	GlobalSection(SolutionConfigurationPlatforms) = preSolution
		Debug|Any CPU = Debug|Any CPU
		Release|Any CPU = Release|Any CPU
	EndGlobalSection
	GlobalSection(ProjectConfigurationPlatforms) = postSolution
		{A286D130-A9FF-4D01-8A59-C9FA267D9068}.Debug|Any CPU.ActiveCfg = Debug|Any CPU
		{A286D130-A9FF-4D01-8A59-C9FA267D9068}.Debug|Any CPU.Build.0 = Debug|Any CPU
		{A286D130-A9FF-4D01-8A59-C9FA267D9068}.Release|Any CPU.ActiveCfg = Release|Any CPU
		{A286D130-A9FF-4D01-8A59-C9FA267D9068}.Release|Any CPU.Build.0 = Release|Any CPU
		{EEB05420-2926-4C98-9E09-3822961DD3C6}.Debug|Any CPU.ActiveCfg = Debug|Any CPU
		{EEB05420-2926-4C98-9E09-3822961DD3C6}.Debug|Any CPU.Build.0 = Debug|Any CPU
		{EEB05420-2926-4C98-9E09-3822961DD3C6}.Release|Any CPU.ActiveCfg = Release|Any CPU
		{EEB05420-2926-4C98-9E09-3822961DD3C6}.Release|Any CPU.Build.0 = Release|Any CPU
		{B493B097-85EA-4BC9-A04D-932C3667CD21}.Debug|Any CPU.ActiveCfg = Debug|Any CPU
		{B493B097-85EA-4BC9-A04D-932C3667CD21}.Debug|Any CPU.Build.0 = Debug|Any CPU
		{B493B097-85EA-4BC9-A04D-932C3667CD21}.Release|Any CPU.ActiveCfg = Release|Any CPU
		{B493B097-85EA-4BC9-A04D-932C3667CD21}.Release|Any CPU.Build.0 = Release|Any CPU
		{6ABFCBB7-42D9-4D28-9F1E-5D3AFB8F267A}.Debug|Any CPU.ActiveCfg = Debug|Any CPU
		{6ABFCBB7-42D9-4D28-9F1E-5D3AFB8F267A}.Debug|Any CPU.Build.0 = Debug|Any CPU
		{6ABFCBB7-42D9-4D28-9F1E-5D3AFB8F267A}.Release|Any CPU.ActiveCfg = Release|Any CPU
		{6ABFCBB7-42D9-4D28-9F1E-5D3AFB8F267A}.Release|Any CPU.Build.0 = Release|Any CPU
		{CB5236AD-D381-4258-97F5-7B6B36B0CDBA}.Debug|Any CPU.ActiveCfg = Debug|Any CPU
		{CB5236AD-D381-4258-97F5-7B6B36B0CDBA}.Debug|Any CPU.Build.0 = Debug|Any CPU
		{CB5236AD-D381-4258-97F5-7B6B36B0CDBA}.Release|Any CPU.ActiveCfg = Release|Any CPU
		{CB5236AD-D381-4258-97F5-7B6B36B0CDBA}.Release|Any CPU.Build.0 = Release|Any CPU
	EndGlobalSection
EndGlobal
